
Microsoft Visual Studio Solution File, Format Version 12.00
Project("{FAE04EC0-301F-11D3-BF4B-00C04F79EFBC}") = "Forecaster", "Forecaster.csproj", "{773F6178-23C9-41BB-B160-BA7D570A2BB7}"
EndProject
Project("{FAE04EC0-301F-11D3-BF4B-00C04F79EFBC}") = "Forecaster.Test", "Forecaster.Test\Forecaster.Test.csproj", "{9355FD3D-20EE-4F1F-A0DA-87D9743587FD}"
EndProject
Global
	GlobalSection(SolutionConfigurationPlatforms) = preSolution
		Debug|Any CPU = Debug|Any CPU
		Release|Any CPU = Release|Any CPU
	EndGlobalSection
	GlobalSection(ProjectConfigurationPlatforms) = postSolution
		{773F6178-23C9-41BB-B160-BA7D570A2BB7}.Debug|Any CPU.ActiveCfg = Debug|Any CPU
		{773F6178-23C9-41BB-B160-BA7D570A2BB7}.Debug|Any CPU.Build.0 = Debug|Any CPU
		{773F6178-23C9-41BB-B160-BA7D570A2BB7}.Release|Any CPU.ActiveCfg = Release|Any CPU
		{773F6178-23C9-41BB-B160-BA7D570A2BB7}.Release|Any CPU.Build.0 = Release|Any CPU
		{9355FD3D-20EE-4F1F-A0DA-87D9743587FD}.Debug|Any CPU.ActiveCfg = Debug|Any CPU
		{9355FD3D-20EE-4F1F-A0DA-87D9743587FD}.Debug|Any CPU.Build.0 = Debug|Any CPU
		{9355FD3D-20EE-4F1F-A0DA-87D9743587FD}.Release|Any CPU.ActiveCfg = Release|Any CPU
		{9355FD3D-20EE-4F1F-A0DA-87D9743587FD}.Release|Any CPU.Build.0 = Release|Any CPU
	EndGlobalSection
EndGlobal
